{
  "name": "@hai2007/nodejs",
  "version": "0.1.0",
  "lockfileVersion": 1,
  "requires": true,
  "dependencies": {
    "@hai2007/tool": {
      "version": "0.4.0",
      "resolved": "https://registry.npmjs.org/@hai2007/tool/-/tool-0.4.0.tgz",
      "integrity": "sha512-9LAyVVZLLw9TlC0+H1x1pu+JuDx69J1ij8HsUXtiP8Bj7YRyoG5stJMNAqVoVsvB+Bf9NcntexeuFnZigx3hWA=="
    }
  }
}
