{
  "name": "@hai2007/nodejs",
  "version": "1.1.0",
  "lockfileVersion": 1,
  "requires": true,
  "dependencies": {
    "@hai2007/tool": {
      "version": "0.6.1",
      "resolved": "https://registry.npmjs.org/@hai2007/tool/-/tool-0.6.1.tgz",
      "integrity": "sha512-ocXWtDWP5JQNXVuBGDkAPco3O02+Mbk1VG8vOf3/KySmuLvVWspNaCpz1slHrgzqYy1A/d+eY0EBVuLYPAsn+g=="
    }
  }
}
